
Microsoft Visual Studio Solution File, Format Version 12.00
# Visual Studio Version 17
VisualStudioVersion = 17.4.33205.214
MinimumVisualStudioVersion = 10.0.40219.1
Project("{FAE04EC0-301F-11D3-BF4B-00C04F79EFBC}") = "Primeira API", "Primeira API.csproj", "{ED92C0D1-40CF-4FDE-9D60-3BF0A8B2BD7A}"
EndProject
Global
	GlobalSection(SolutionConfigurationPlatforms) = preSolution
		Debug|Any CPU = Debug|Any CPU
		Release|Any CPU = Release|Any CPU
	EndGlobalSection
	GlobalSection(ProjectConfigurationPlatforms) = postSolution
		{ED92C0D1-40CF-4FDE-9D60-3BF0A8B2BD7A}.Debug|Any CPU.ActiveCfg = Debug|Any CPU
		{ED92C0D1-40CF-4FDE-9D60-3BF0A8B2BD7A}.Debug|Any CPU.Build.0 = Debug|Any CPU
		{ED92C0D1-40CF-4FDE-9D60-3BF0A8B2BD7A}.Release|Any CPU.ActiveCfg = Release|Any CPU
		{ED92C0D1-40CF-4FDE-9D60-3BF0A8B2BD7A}.Release|Any CPU.Build.0 = Release|Any CPU
	EndGlobalSection
	GlobalSection(SolutionProperties) = preSolution
		HideSolutionNode = FALSE
	EndGlobalSection
	GlobalSection(ExtensibilityGlobals) = postSolution
		SolutionGuid = {ABDFDC7F-4AA0-4F9B-AD7B-3EE678ABBBBA}
	EndGlobalSection
EndGlobal
